
Microsoft Visual Studio Solution File, Format Version 12.00
# Visual Studio Version 17
VisualStudioVersion = 17.11.35312.102
MinimumVisualStudioVersion = 10.0.40219.1
Project("{FAE04EC0-301F-11D3-BF4B-00C04F79EFBC}") = "WebApplication5", "WebApplication5\WebApplication5.csproj", "{471D50B5-21A8-414A-82AF-A53DC8FDBBFE}"
EndProject
Global
	GlobalSection(SolutionConfigurationPlatforms) = preSolution
		Debug|Any CPU = Debug|Any CPU
		Release|Any CPU = Release|Any CPU
	EndGlobalSection
	GlobalSection(ProjectConfigurationPlatforms) = postSolution
		{471D50B5-21A8-414A-82AF-A53DC8FDBBFE}.Debug|Any CPU.ActiveCfg = Debug|Any CPU
		{471D50B5-21A8-414A-82AF-A53DC8FDBBFE}.Debug|Any CPU.Build.0 = Debug|Any CPU
		{471D50B5-21A8-414A-82AF-A53DC8FDBBFE}.Release|Any CPU.ActiveCfg = Release|Any CPU
		{471D50B5-21A8-414A-82AF-A53DC8FDBBFE}.Release|Any CPU.Build.0 = Release|Any CPU
	EndGlobalSection
	GlobalSection(SolutionProperties) = preSolution
		HideSolutionNode = FALSE
	EndGlobalSection
	GlobalSection(ExtensibilityGlobals) = postSolution
		SolutionGuid = {4CAA0136-BB44-4873-AECE-8CEE185F3C42}
	EndGlobalSection
EndGlobal
